
Microsoft Visual Studio Solution File, Format Version 12.00
# Visual Studio Version 17
VisualStudioVersion = 17.12.35527.113 d17.12
MinimumVisualStudioVersion = 10.0.40219.1
Project("{FAE04EC0-301F-11D3-BF4B-00C04F79EFBC}") = "Assignment7_2", "Assignment7_2.csproj", "{84AB6530-D803-416F-9813-F9D49EA2E49F}"
EndProject
Global
	GlobalSection(SolutionConfigurationPlatforms) = preSolution
		Debug|Any CPU = Debug|Any CPU
		Release|Any CPU = Release|Any CPU
	EndGlobalSection
	GlobalSection(ProjectConfigurationPlatforms) = postSolution
		{84AB6530-D803-416F-9813-F9D49EA2E49F}.Debug|Any CPU.ActiveCfg = Debug|Any CPU
		{84AB6530-D803-416F-9813-F9D49EA2E49F}.Debug|Any CPU.Build.0 = Debug|Any CPU
		{84AB6530-D803-416F-9813-F9D49EA2E49F}.Release|Any CPU.ActiveCfg = Release|Any CPU
		{84AB6530-D803-416F-9813-F9D49EA2E49F}.Release|Any CPU.Build.0 = Release|Any CPU
	EndGlobalSection
	GlobalSection(SolutionProperties) = preSolution
		HideSolutionNode = FALSE
	EndGlobalSection
EndGlobal
