
Microsoft Visual Studio Solution File, Format Version 12.00
# Visual Studio Version 17
VisualStudioVersion = 17.12.35527.113 d17.12
MinimumVisualStudioVersion = 10.0.40219.1
Project("{FAE04EC0-301F-11D3-BF4B-00C04F79EFBC}") = "Mathdll", "Mathdll.csproj", "{70E944FA-E3E1-482B-9607-9EBECC5496A4}"
EndProject
Project("{FAE04EC0-301F-11D3-BF4B-00C04F79EFBC}") = "Mod12Reflectiondemo", "..\Mod12Reflectiondemo\Mod12Reflectiondemo\Mod12Reflectiondemo.csproj", "{D941BCA7-E4AD-4217-97F6-A88572D352FB}"
EndProject
Global
	GlobalSection(SolutionConfigurationPlatforms) = preSolution
		Debug|Any CPU = Debug|Any CPU
		Release|Any CPU = Release|Any CPU
	EndGlobalSection
	GlobalSection(ProjectConfigurationPlatforms) = postSolution
		{70E944FA-E3E1-482B-9607-9EBECC5496A4}.Debug|Any CPU.ActiveCfg = Debug|Any CPU
		{70E944FA-E3E1-482B-9607-9EBECC5496A4}.Debug|Any CPU.Build.0 = Debug|Any CPU
		{70E944FA-E3E1-482B-9607-9EBECC5496A4}.Release|Any CPU.ActiveCfg = Release|Any CPU
		{70E944FA-E3E1-482B-9607-9EBECC5496A4}.Release|Any CPU.Build.0 = Release|Any CPU
		{D941BCA7-E4AD-4217-97F6-A88572D352FB}.Debug|Any CPU.ActiveCfg = Debug|Any CPU
		{D941BCA7-E4AD-4217-97F6-A88572D352FB}.Debug|Any CPU.Build.0 = Debug|Any CPU
		{D941BCA7-E4AD-4217-97F6-A88572D352FB}.Release|Any CPU.ActiveCfg = Release|Any CPU
		{D941BCA7-E4AD-4217-97F6-A88572D352FB}.Release|Any CPU.Build.0 = Release|Any CPU
	EndGlobalSection
	GlobalSection(SolutionProperties) = preSolution
		HideSolutionNode = FALSE
	EndGlobalSection
EndGlobal
