
Microsoft Visual Studio Solution File, Format Version 12.00
# Visual Studio Version 17
VisualStudioVersion = 17.12.35527.113 d17.12
MinimumVisualStudioVersion = 10.0.40219.1
Project("{FAE04EC0-301F-11D3-BF4B-00C04F79EFBC}") = "Mod3delegatesdemo1", "Mod3delegatesdemo1.csproj", "{EE2DEE0D-60FC-4DCD-885A-A416D7A44706}"
EndProject
Global
	GlobalSection(SolutionConfigurationPlatforms) = preSolution
		Debug|Any CPU = Debug|Any CPU
		Release|Any CPU = Release|Any CPU
	EndGlobalSection
	GlobalSection(ProjectConfigurationPlatforms) = postSolution
		{EE2DEE0D-60FC-4DCD-885A-A416D7A44706}.Debug|Any CPU.ActiveCfg = Debug|Any CPU
		{EE2DEE0D-60FC-4DCD-885A-A416D7A44706}.Debug|Any CPU.Build.0 = Debug|Any CPU
		{EE2DEE0D-60FC-4DCD-885A-A416D7A44706}.Release|Any CPU.ActiveCfg = Release|Any CPU
		{EE2DEE0D-60FC-4DCD-885A-A416D7A44706}.Release|Any CPU.Build.0 = Release|Any CPU
	EndGlobalSection
	GlobalSection(SolutionProperties) = preSolution
		HideSolutionNode = FALSE
	EndGlobalSection
EndGlobal
