
Microsoft Visual Studio Solution File, Format Version 12.00
# Visual Studio Version 17
VisualStudioVersion = 17.12.35527.113 d17.12
MinimumVisualStudioVersion = 10.0.40219.1
Project("{FAE04EC0-301F-11D3-BF4B-00C04F79EFBC}") = "Assignment4_1_2", "Assignment4_1_2.csproj", "{AA87F022-B6BB-4D69-A74B-839A3EB75AC7}"
EndProject
Global
	GlobalSection(SolutionConfigurationPlatforms) = preSolution
		Debug|Any CPU = Debug|Any CPU
		Release|Any CPU = Release|Any CPU
	EndGlobalSection
	GlobalSection(ProjectConfigurationPlatforms) = postSolution
		{AA87F022-B6BB-4D69-A74B-839A3EB75AC7}.Debug|Any CPU.ActiveCfg = Debug|Any CPU
		{AA87F022-B6BB-4D69-A74B-839A3EB75AC7}.Debug|Any CPU.Build.0 = Debug|Any CPU
		{AA87F022-B6BB-4D69-A74B-839A3EB75AC7}.Release|Any CPU.ActiveCfg = Release|Any CPU
		{AA87F022-B6BB-4D69-A74B-839A3EB75AC7}.Release|Any CPU.Build.0 = Release|Any CPU
	EndGlobalSection
	GlobalSection(SolutionProperties) = preSolution
		HideSolutionNode = FALSE
	EndGlobalSection
EndGlobal
