
Microsoft Visual Studio Solution File, Format Version 12.00
# Visual Studio Version 17
VisualStudioVersion = 17.12.35527.113 d17.12
MinimumVisualStudioVersion = 10.0.40219.1
Project("{FAE04EC0-301F-11D3-BF4B-00C04F79EFBC}") = "Mod3Delegatesdemo2", "Mod3Delegatesdemo2.csproj", "{8AA90F6B-C078-4E1E-A247-42DCC53A8506}"
EndProject
Global
	GlobalSection(SolutionConfigurationPlatforms) = preSolution
		Debug|Any CPU = Debug|Any CPU
		Release|Any CPU = Release|Any CPU
	EndGlobalSection
	GlobalSection(ProjectConfigurationPlatforms) = postSolution
		{8AA90F6B-C078-4E1E-A247-42DCC53A8506}.Debug|Any CPU.ActiveCfg = Debug|Any CPU
		{8AA90F6B-C078-4E1E-A247-42DCC53A8506}.Debug|Any CPU.Build.0 = Debug|Any CPU
		{8AA90F6B-C078-4E1E-A247-42DCC53A8506}.Release|Any CPU.ActiveCfg = Release|Any CPU
		{8AA90F6B-C078-4E1E-A247-42DCC53A8506}.Release|Any CPU.Build.0 = Release|Any CPU
	EndGlobalSection
	GlobalSection(SolutionProperties) = preSolution
		HideSolutionNode = FALSE
	EndGlobalSection
EndGlobal
