
Microsoft Visual Studio Solution File, Format Version 12.00
# Visual Studio Version 17
VisualStudioVersion = 17.12.35527.113 d17.12
MinimumVisualStudioVersion = 10.0.40219.1
Project("{FAE04EC0-301F-11D3-BF4B-00C04F79EFBC}") = "Assignment5_3", "Assignment5_3.csproj", "{69237B75-386F-40EC-B09F-EF08712740D8}"
EndProject
Project("{FAE04EC0-301F-11D3-BF4B-00C04F79EFBC}") = "Mod3Fibonacci", "..\Mod3Fibonacci\Mod3Fibonacci.csproj", "{6DE2FED1-2804-4611-BB79-5899D013C2AD}"
EndProject
Global
	GlobalSection(SolutionConfigurationPlatforms) = preSolution
		Debug|Any CPU = Debug|Any CPU
		Release|Any CPU = Release|Any CPU
	EndGlobalSection
	GlobalSection(ProjectConfigurationPlatforms) = postSolution
		{69237B75-386F-40EC-B09F-EF08712740D8}.Debug|Any CPU.ActiveCfg = Debug|Any CPU
		{69237B75-386F-40EC-B09F-EF08712740D8}.Debug|Any CPU.Build.0 = Debug|Any CPU
		{69237B75-386F-40EC-B09F-EF08712740D8}.Release|Any CPU.ActiveCfg = Release|Any CPU
		{69237B75-386F-40EC-B09F-EF08712740D8}.Release|Any CPU.Build.0 = Release|Any CPU
		{6DE2FED1-2804-4611-BB79-5899D013C2AD}.Debug|Any CPU.ActiveCfg = Debug|Any CPU
		{6DE2FED1-2804-4611-BB79-5899D013C2AD}.Debug|Any CPU.Build.0 = Debug|Any CPU
		{6DE2FED1-2804-4611-BB79-5899D013C2AD}.Release|Any CPU.ActiveCfg = Release|Any CPU
		{6DE2FED1-2804-4611-BB79-5899D013C2AD}.Release|Any CPU.Build.0 = Release|Any CPU
	EndGlobalSection
	GlobalSection(SolutionProperties) = preSolution
		HideSolutionNode = FALSE
	EndGlobalSection
EndGlobal
