
Microsoft Visual Studio Solution File, Format Version 12.00
# Visual Studio Version 17
VisualStudioVersion = 17.12.35527.113 d17.12
MinimumVisualStudioVersion = 10.0.40219.1
Project("{FAE04EC0-301F-11D3-BF4B-00C04F79EFBC}") = "ExtraAssignments_week4", "ExtraAssignments_week4.csproj", "{C3E6A9D2-58C8-4468-AB9C-80731D2253CA}"
EndProject
Global
	GlobalSection(SolutionConfigurationPlatforms) = preSolution
		Debug|Any CPU = Debug|Any CPU
		Release|Any CPU = Release|Any CPU
	EndGlobalSection
	GlobalSection(ProjectConfigurationPlatforms) = postSolution
		{C3E6A9D2-58C8-4468-AB9C-80731D2253CA}.Debug|Any CPU.ActiveCfg = Debug|Any CPU
		{C3E6A9D2-58C8-4468-AB9C-80731D2253CA}.Debug|Any CPU.Build.0 = Debug|Any CPU
		{C3E6A9D2-58C8-4468-AB9C-80731D2253CA}.Release|Any CPU.ActiveCfg = Release|Any CPU
		{C3E6A9D2-58C8-4468-AB9C-80731D2253CA}.Release|Any CPU.Build.0 = Release|Any CPU
	EndGlobalSection
	GlobalSection(SolutionProperties) = preSolution
		HideSolutionNode = FALSE
	EndGlobalSection
EndGlobal
